
Microsoft Visual Studio Solution File, Format Version 12.00
# Visual Studio 15
VisualStudioVersion = 15.0.28307.1022
MinimumVisualStudioVersion = 10.0.40219.1
Project("{FAE04EC0-301F-11D3-BF4B-00C04F79EFBC}") = "XMLToSQL", "XMLToSQL.csproj", "{5143F2E3-1AE0-4E7E-9C13-7203095A97B3}"
EndProject
Global
	GlobalSection(SolutionConfigurationPlatforms) = preSolution
		Debug|Any CPU = Debug|Any CPU
		Release|Any CPU = Release|Any CPU
	EndGlobalSection
	GlobalSection(ProjectConfigurationPlatforms) = postSolution
		{5143F2E3-1AE0-4E7E-9C13-7203095A97B3}.Debug|Any CPU.ActiveCfg = Debug|Any CPU
		{5143F2E3-1AE0-4E7E-9C13-7203095A97B3}.Debug|Any CPU.Build.0 = Debug|Any CPU
		{5143F2E3-1AE0-4E7E-9C13-7203095A97B3}.Release|Any CPU.ActiveCfg = Release|Any CPU
		{5143F2E3-1AE0-4E7E-9C13-7203095A97B3}.Release|Any CPU.Build.0 = Release|Any CPU
	EndGlobalSection
	GlobalSection(SolutionProperties) = preSolution
		HideSolutionNode = FALSE
	EndGlobalSection
	GlobalSection(ExtensibilityGlobals) = postSolution
		SolutionGuid = {286A1110-0F10-4370-9901-2FD1E97AC29C}
	EndGlobalSection
EndGlobal
